
Microsoft Visual Studio Solution File, Format Version 12.00
# Visual Studio Version 16
VisualStudioVersion = 16.0.28705.295
MinimumVisualStudioVersion = 10.0.40219.1
Project("{9A19103F-16F7-4668-BE54-9A1E7A4F7556}") = "MyStreamTimer.Shared", "MyStreamTimer.Shared\MyStreamTimer.Shared.csproj", "{D10CFCD1-4629-4C58-AF00-47145BE0D8E4}"
EndProject
Project("{2150E333-8FDC-42A3-9474-1A3956D46DE8}") = "Solution Items", "Solution Items", "{F71BF0B2-E965-4E53-9E52-6C052E57354E}"
	ProjectSection(SolutionItems) = preProject
		.editorconfig = .editorconfig
	EndProjectSection
EndProject
Project("{FAE04EC0-301F-11D3-BF4B-00C04F79EFBC}") = "MyStreamTimer.Mac", "MyStreamTimer.Mac\MyStreamTimer.Mac.csproj", "{A9D15055-C57A-4CC1-891A-A0F326790A63}"
EndProject
Project("{FAE04EC0-301F-11D3-BF4B-00C04F79EFBC}") = "MyStreamTimer.UI", "MyStreamTimer.UI\MyStreamTimer.UI.csproj", "{5228DDAF-9935-4ED6-A40B-749E40C1EF1B}"
EndProject
Global
	GlobalSection(SolutionConfigurationPlatforms) = preSolution
		Debug|Any CPU = Debug|Any CPU
		Debug|ARM = Debug|ARM
		Debug|ARM64 = Debug|ARM64
		Debug|x64 = Debug|x64
		Debug|x86 = Debug|x86
		Release|Any CPU = Release|Any CPU
		Release|ARM = Release|ARM
		Release|ARM64 = Release|ARM64
		Release|x64 = Release|x64
		Release|x86 = Release|x86
	EndGlobalSection
	GlobalSection(ProjectConfigurationPlatforms) = postSolution
		{D10CFCD1-4629-4C58-AF00-47145BE0D8E4}.Debug|Any CPU.ActiveCfg = Debug|Any CPU
		{D10CFCD1-4629-4C58-AF00-47145BE0D8E4}.Debug|Any CPU.Build.0 = Debug|Any CPU
		{D10CFCD1-4629-4C58-AF00-47145BE0D8E4}.Debug|ARM.ActiveCfg = Debug|Any CPU
		{D10CFCD1-4629-4C58-AF00-47145BE0D8E4}.Debug|ARM.Build.0 = Debug|Any CPU
		{D10CFCD1-4629-4C58-AF00-47145BE0D8E4}.Debug|ARM64.ActiveCfg = Debug|Any CPU
		{D10CFCD1-4629-4C58-AF00-47145BE0D8E4}.Debug|ARM64.Build.0 = Debug|Any CPU
		{D10CFCD1-4629-4C58-AF00-47145BE0D8E4}.Debug|x64.ActiveCfg = Debug|Any CPU
		{D10CFCD1-4629-4C58-AF00-47145BE0D8E4}.Debug|x64.Build.0 = Debug|Any CPU
		{D10CFCD1-4629-4C58-AF00-47145BE0D8E4}.Debug|x86.ActiveCfg = Debug|Any CPU
		{D10CFCD1-4629-4C58-AF00-47145BE0D8E4}.Debug|x86.Build.0 = Debug|Any CPU
		{D10CFCD1-4629-4C58-AF00-47145BE0D8E4}.Release|Any CPU.ActiveCfg = Release|Any CPU
		{D10CFCD1-4629-4C58-AF00-47145BE0D8E4}.Release|Any CPU.Build.0 = Release|Any CPU
		{D10CFCD1-4629-4C58-AF00-47145BE0D8E4}.Release|ARM.ActiveCfg = Release|Any CPU
		{D10CFCD1-4629-4C58-AF00-47145BE0D8E4}.Release|ARM.Build.0 = Release|Any CPU
		{D10CFCD1-4629-4C58-AF00-47145BE0D8E4}.Release|ARM64.ActiveCfg = Release|Any CPU
		{D10CFCD1-4629-4C58-AF00-47145BE0D8E4}.Release|ARM64.Build.0 = Release|Any CPU
		{D10CFCD1-4629-4C58-AF00-47145BE0D8E4}.Release|x64.ActiveCfg = Release|Any CPU
		{D10CFCD1-4629-4C58-AF00-47145BE0D8E4}.Release|x64.Build.0 = Release|Any CPU
		{D10CFCD1-4629-4C58-AF00-47145BE0D8E4}.Release|x86.ActiveCfg = Release|Any CPU
		{D10CFCD1-4629-4C58-AF00-47145BE0D8E4}.Release|x86.Build.0 = Release|Any CPU
		{A9D15055-C57A-4CC1-891A-A0F326790A63}.Debug|Any CPU.ActiveCfg = Debug|Any CPU
		{A9D15055-C57A-4CC1-891A-A0F326790A63}.Debug|Any CPU.Build.0 = Debug|Any CPU
		{A9D15055-C57A-4CC1-891A-A0F326790A63}.Debug|ARM.ActiveCfg = Debug|Any CPU
		{A9D15055-C57A-4CC1-891A-A0F326790A63}.Debug|ARM.Build.0 = Debug|Any CPU
		{A9D15055-C57A-4CC1-891A-A0F326790A63}.Debug|ARM64.ActiveCfg = Debug|Any CPU
		{A9D15055-C57A-4CC1-891A-A0F326790A63}.Debug|ARM64.Build.0 = Debug|Any CPU
		{A9D15055-C57A-4CC1-891A-A0F326790A63}.Debug|x64.ActiveCfg = Debug|Any CPU
		{A9D15055-C57A-4CC1-891A-A0F326790A63}.Debug|x64.Build.0 = Debug|Any CPU
		{A9D15055-C57A-4CC1-891A-A0F326790A63}.Debug|x86.ActiveCfg = Debug|Any CPU
		{A9D15055-C57A-4CC1-891A-A0F326790A63}.Debug|x86.Build.0 = Debug|Any CPU
		{A9D15055-C57A-4CC1-891A-A0F326790A63}.Release|Any CPU.ActiveCfg = Release|Any CPU
		{A9D15055-C57A-4CC1-891A-A0F326790A63}.Release|Any CPU.Build.0 = Release|Any CPU
		{A9D15055-C57A-4CC1-891A-A0F326790A63}.Release|ARM.ActiveCfg = Release|Any CPU
		{A9D15055-C57A-4CC1-891A-A0F326790A63}.Release|ARM.Build.0 = Release|Any CPU
		{A9D15055-C57A-4CC1-891A-A0F326790A63}.Release|ARM64.ActiveCfg = Release|Any CPU
		{A9D15055-C57A-4CC1-891A-A0F326790A63}.Release|ARM64.Build.0 = Release|Any CPU
		{A9D15055-C57A-4CC1-891A-A0F326790A63}.Release|x64.ActiveCfg = Release|Any CPU
		{A9D15055-C57A-4CC1-891A-A0F326790A63}.Release|x64.Build.0 = Release|Any CPU
		{A9D15055-C57A-4CC1-891A-A0F326790A63}.Release|x86.ActiveCfg = Release|Any CPU
		{A9D15055-C57A-4CC1-891A-A0F326790A63}.Release|x86.Build.0 = Release|Any CPU
		{5228DDAF-9935-4ED6-A40B-749E40C1EF1B}.Debug|Any CPU.ActiveCfg = Debug|Any CPU
		{5228DDAF-9935-4ED6-A40B-749E40C1EF1B}.Debug|Any CPU.Build.0 = Debug|Any CPU
		{5228DDAF-9935-4ED6-A40B-749E40C1EF1B}.Debug|ARM.ActiveCfg = Debug|Any CPU
		{5228DDAF-9935-4ED6-A40B-749E40C1EF1B}.Debug|ARM.Build.0 = Debug|Any CPU
		{5228DDAF-9935-4ED6-A40B-749E40C1EF1B}.Debug|ARM64.ActiveCfg = Debug|Any CPU
		{5228DDAF-9935-4ED6-A40B-749E40C1EF1B}.Debug|ARM64.Build.0 = Debug|Any CPU
		{5228DDAF-9935-4ED6-A40B-749E40C1EF1B}.Debug|x64.ActiveCfg = Debug|Any CPU
		{5228DDAF-9935-4ED6-A40B-749E40C1EF1B}.Debug|x64.Build.0 = Debug|Any CPU
		{5228DDAF-9935-4ED6-A40B-749E40C1EF1B}.Debug|x86.ActiveCfg = Debug|Any CPU
		{5228DDAF-9935-4ED6-A40B-749E40C1EF1B}.Debug|x86.Build.0 = Debug|Any CPU
		{5228DDAF-9935-4ED6-A40B-749E40C1EF1B}.Release|Any CPU.ActiveCfg = Release|Any CPU
		{5228DDAF-9935-4ED6-A40B-749E40C1EF1B}.Release|Any CPU.Build.0 = Release|Any CPU
		{5228DDAF-9935-4ED6-A40B-749E40C1EF1B}.Release|ARM.ActiveCfg = Release|Any CPU
		{5228DDAF-9935-4ED6-A40B-749E40C1EF1B}.Release|ARM.Build.0 = Release|Any CPU
		{5228DDAF-9935-4ED6-A40B-749E40C1EF1B}.Release|ARM64.ActiveCfg = Release|Any CPU
		{5228DDAF-9935-4ED6-A40B-749E40C1EF1B}.Release|ARM64.Build.0 = Release|Any CPU
		{5228DDAF-9935-4ED6-A40B-749E40C1EF1B}.Release|x64.ActiveCfg = Release|Any CPU
		{5228DDAF-9935-4ED6-A40B-749E40C1EF1B}.Release|x64.Build.0 = Release|Any CPU
		{5228DDAF-9935-4ED6-A40B-749E40C1EF1B}.Release|x86.ActiveCfg = Release|Any CPU
		{5228DDAF-9935-4ED6-A40B-749E40C1EF1B}.Release|x86.Build.0 = Release|Any CPU
	EndGlobalSection
	GlobalSection(SolutionProperties) = preSolution
		HideSolutionNode = FALSE
	EndGlobalSection
	GlobalSection(ExtensibilityGlobals) = postSolution
		SolutionGuid = {FFB6D563-B873-4A06-A534-A04A870FB58F}
	EndGlobalSection
EndGlobal
