
Microsoft Visual Studio Solution File, Format Version 12.00
# Visual Studio Version 16
VisualStudioVersion = 16.0.28705.295
MinimumVisualStudioVersion = 10.0.40219.1
Project("{9A19103F-16F7-4668-BE54-9A1E7A4F7556}") = "MyStreamTimer.WPF", "MyStreamTimer.WPF\MyStreamTimer.WPF.csproj", "{EB4D1979-A162-444E-B575-B9806ED2BF0A}"
EndProject
Project("{9A19103F-16F7-4668-BE54-9A1E7A4F7556}") = "MyStreamTimer.Shared", "MyStreamTimer.Shared\MyStreamTimer.Shared.csproj", "{D10CFCD1-4629-4C58-AF00-47145BE0D8E4}"
EndProject
Project("{2150E333-8FDC-42A3-9474-1A3956D46DE8}") = "Solution Items", "Solution Items", "{F71BF0B2-E965-4E53-9E52-6C052E57354E}"
	ProjectSection(SolutionItems) = preProject
		.editorconfig = .editorconfig
	EndProjectSection
EndProject
Project("{C7167F0D-BC9F-4E6E-AFE1-012C56B48DB5}") = "MyStreamTimer.Packaging", "MyStreamTimer.Packaging\MyStreamTimer.Packaging.wapproj", "{AF0FBC75-F1C1-4F30-AF63-400579DCA371}"
EndProject
Global
	GlobalSection(SolutionConfigurationPlatforms) = preSolution
		Debug|Any CPU = Debug|Any CPU
		Debug|ARM = Debug|ARM
		Debug|ARM64 = Debug|ARM64
		Debug|x64 = Debug|x64
		Debug|x86 = Debug|x86
		Release|Any CPU = Release|Any CPU
		Release|ARM = Release|ARM
		Release|ARM64 = Release|ARM64
		Release|x64 = Release|x64
		Release|x86 = Release|x86
	EndGlobalSection
	GlobalSection(ProjectConfigurationPlatforms) = postSolution
		{EB4D1979-A162-444E-B575-B9806ED2BF0A}.Debug|Any CPU.ActiveCfg = Debug|Any CPU
		{EB4D1979-A162-444E-B575-B9806ED2BF0A}.Debug|Any CPU.Build.0 = Debug|Any CPU
		{EB4D1979-A162-444E-B575-B9806ED2BF0A}.Debug|ARM.ActiveCfg = Debug|Any CPU
		{EB4D1979-A162-444E-B575-B9806ED2BF0A}.Debug|ARM.Build.0 = Debug|Any CPU
		{EB4D1979-A162-444E-B575-B9806ED2BF0A}.Debug|ARM64.ActiveCfg = Debug|Any CPU
		{EB4D1979-A162-444E-B575-B9806ED2BF0A}.Debug|ARM64.Build.0 = Debug|Any CPU
		{EB4D1979-A162-444E-B575-B9806ED2BF0A}.Debug|x64.ActiveCfg = Debug|Any CPU
		{EB4D1979-A162-444E-B575-B9806ED2BF0A}.Debug|x64.Build.0 = Debug|Any CPU
		{EB4D1979-A162-444E-B575-B9806ED2BF0A}.Debug|x86.ActiveCfg = Debug|Any CPU
		{EB4D1979-A162-444E-B575-B9806ED2BF0A}.Debug|x86.Build.0 = Debug|Any CPU
		{EB4D1979-A162-444E-B575-B9806ED2BF0A}.Release|Any CPU.ActiveCfg = Release|Any CPU
		{EB4D1979-A162-444E-B575-B9806ED2BF0A}.Release|Any CPU.Build.0 = Release|Any CPU
		{EB4D1979-A162-444E-B575-B9806ED2BF0A}.Release|ARM.ActiveCfg = Release|Any CPU
		{EB4D1979-A162-444E-B575-B9806ED2BF0A}.Release|ARM.Build.0 = Release|Any CPU
		{EB4D1979-A162-444E-B575-B9806ED2BF0A}.Release|ARM64.ActiveCfg = Release|Any CPU
		{EB4D1979-A162-444E-B575-B9806ED2BF0A}.Release|ARM64.Build.0 = Release|Any CPU
		{EB4D1979-A162-444E-B575-B9806ED2BF0A}.Release|x64.ActiveCfg = Release|x64
		{EB4D1979-A162-444E-B575-B9806ED2BF0A}.Release|x64.Build.0 = Release|x64
		{EB4D1979-A162-444E-B575-B9806ED2BF0A}.Release|x86.ActiveCfg = Release|x86
		{EB4D1979-A162-444E-B575-B9806ED2BF0A}.Release|x86.Build.0 = Release|x86
		{D10CFCD1-4629-4C58-AF00-47145BE0D8E4}.Debug|Any CPU.ActiveCfg = Debug|Any CPU
		{D10CFCD1-4629-4C58-AF00-47145BE0D8E4}.Debug|Any CPU.Build.0 = Debug|Any CPU
		{D10CFCD1-4629-4C58-AF00-47145BE0D8E4}.Debug|ARM.ActiveCfg = Debug|Any CPU
		{D10CFCD1-4629-4C58-AF00-47145BE0D8E4}.Debug|ARM.Build.0 = Debug|Any CPU
		{D10CFCD1-4629-4C58-AF00-47145BE0D8E4}.Debug|ARM64.ActiveCfg = Debug|Any CPU
		{D10CFCD1-4629-4C58-AF00-47145BE0D8E4}.Debug|ARM64.Build.0 = Debug|Any CPU
		{D10CFCD1-4629-4C58-AF00-47145BE0D8E4}.Debug|x64.ActiveCfg = Debug|Any CPU
		{D10CFCD1-4629-4C58-AF00-47145BE0D8E4}.Debug|x64.Build.0 = Debug|Any CPU
		{D10CFCD1-4629-4C58-AF00-47145BE0D8E4}.Debug|x86.ActiveCfg = Debug|Any CPU
		{D10CFCD1-4629-4C58-AF00-47145BE0D8E4}.Debug|x86.Build.0 = Debug|Any CPU
		{D10CFCD1-4629-4C58-AF00-47145BE0D8E4}.Release|Any CPU.ActiveCfg = Release|Any CPU
		{D10CFCD1-4629-4C58-AF00-47145BE0D8E4}.Release|Any CPU.Build.0 = Release|Any CPU
		{D10CFCD1-4629-4C58-AF00-47145BE0D8E4}.Release|ARM.ActiveCfg = Release|Any CPU
		{D10CFCD1-4629-4C58-AF00-47145BE0D8E4}.Release|ARM.Build.0 = Release|Any CPU
		{D10CFCD1-4629-4C58-AF00-47145BE0D8E4}.Release|ARM64.ActiveCfg = Release|Any CPU
		{D10CFCD1-4629-4C58-AF00-47145BE0D8E4}.Release|ARM64.Build.0 = Release|Any CPU
		{D10CFCD1-4629-4C58-AF00-47145BE0D8E4}.Release|x64.ActiveCfg = Release|Any CPU
		{D10CFCD1-4629-4C58-AF00-47145BE0D8E4}.Release|x64.Build.0 = Release|Any CPU
		{D10CFCD1-4629-4C58-AF00-47145BE0D8E4}.Release|x86.ActiveCfg = Release|Any CPU
		{D10CFCD1-4629-4C58-AF00-47145BE0D8E4}.Release|x86.Build.0 = Release|Any CPU
		{AF0FBC75-F1C1-4F30-AF63-400579DCA371}.Debug|Any CPU.ActiveCfg = Debug|Any CPU
		{AF0FBC75-F1C1-4F30-AF63-400579DCA371}.Debug|Any CPU.Build.0 = Debug|Any CPU
		{AF0FBC75-F1C1-4F30-AF63-400579DCA371}.Debug|Any CPU.Deploy.0 = Debug|Any CPU
		{AF0FBC75-F1C1-4F30-AF63-400579DCA371}.Debug|ARM.ActiveCfg = Debug|ARM
		{AF0FBC75-F1C1-4F30-AF63-400579DCA371}.Debug|ARM.Build.0 = Debug|ARM
		{AF0FBC75-F1C1-4F30-AF63-400579DCA371}.Debug|ARM.Deploy.0 = Debug|ARM
		{AF0FBC75-F1C1-4F30-AF63-400579DCA371}.Debug|ARM64.ActiveCfg = Debug|ARM64
		{AF0FBC75-F1C1-4F30-AF63-400579DCA371}.Debug|ARM64.Build.0 = Debug|ARM64
		{AF0FBC75-F1C1-4F30-AF63-400579DCA371}.Debug|ARM64.Deploy.0 = Debug|ARM64
		{AF0FBC75-F1C1-4F30-AF63-400579DCA371}.Debug|x64.ActiveCfg = Debug|x64
		{AF0FBC75-F1C1-4F30-AF63-400579DCA371}.Debug|x64.Build.0 = Debug|x64
		{AF0FBC75-F1C1-4F30-AF63-400579DCA371}.Debug|x64.Deploy.0 = Debug|x64
		{AF0FBC75-F1C1-4F30-AF63-400579DCA371}.Debug|x86.ActiveCfg = Debug|x86
		{AF0FBC75-F1C1-4F30-AF63-400579DCA371}.Debug|x86.Build.0 = Debug|x86
		{AF0FBC75-F1C1-4F30-AF63-400579DCA371}.Debug|x86.Deploy.0 = Debug|x86
		{AF0FBC75-F1C1-4F30-AF63-400579DCA371}.Release|Any CPU.ActiveCfg = Release|Any CPU
		{AF0FBC75-F1C1-4F30-AF63-400579DCA371}.Release|Any CPU.Build.0 = Release|Any CPU
		{AF0FBC75-F1C1-4F30-AF63-400579DCA371}.Release|Any CPU.Deploy.0 = Release|Any CPU
		{AF0FBC75-F1C1-4F30-AF63-400579DCA371}.Release|ARM.ActiveCfg = Release|ARM
		{AF0FBC75-F1C1-4F30-AF63-400579DCA371}.Release|ARM.Build.0 = Release|ARM
		{AF0FBC75-F1C1-4F30-AF63-400579DCA371}.Release|ARM.Deploy.0 = Release|ARM
		{AF0FBC75-F1C1-4F30-AF63-400579DCA371}.Release|ARM64.ActiveCfg = Release|ARM64
		{AF0FBC75-F1C1-4F30-AF63-400579DCA371}.Release|ARM64.Build.0 = Release|ARM64
		{AF0FBC75-F1C1-4F30-AF63-400579DCA371}.Release|ARM64.Deploy.0 = Release|ARM64
		{AF0FBC75-F1C1-4F30-AF63-400579DCA371}.Release|x64.ActiveCfg = Release|x64
		{AF0FBC75-F1C1-4F30-AF63-400579DCA371}.Release|x64.Build.0 = Release|x64
		{AF0FBC75-F1C1-4F30-AF63-400579DCA371}.Release|x64.Deploy.0 = Release|x64
		{AF0FBC75-F1C1-4F30-AF63-400579DCA371}.Release|x86.ActiveCfg = Release|x86
		{AF0FBC75-F1C1-4F30-AF63-400579DCA371}.Release|x86.Build.0 = Release|x86
		{AF0FBC75-F1C1-4F30-AF63-400579DCA371}.Release|x86.Deploy.0 = Release|x86
	EndGlobalSection
	GlobalSection(SolutionProperties) = preSolution
		HideSolutionNode = FALSE
	EndGlobalSection
	GlobalSection(ExtensibilityGlobals) = postSolution
		SolutionGuid = {FFB6D563-B873-4A06-A534-A04A870FB58F}
	EndGlobalSection
EndGlobal
