
Microsoft Visual Studio Solution File, Format Version 12.00
# Visual Studio Version 16
VisualStudioVersion = 16.0.28705.295
MinimumVisualStudioVersion = 10.0.40219.1
Project("{9A19103F-16F7-4668-BE54-9A1E7A4F7556}") = "MyStreamTimer.Shared", "MyStreamTimer.Shared\MyStreamTimer.Shared.csproj", "{D10CFCD1-4629-4C58-AF00-47145BE0D8E4}"
EndProject
Project("{2150E333-8FDC-42A3-9474-1A3956D46DE8}") = "Solution Items", "Solution Items", "{F71BF0B2-E965-4E53-9E52-6C052E57354E}"
	ProjectSection(SolutionItems) = preProject
		.editorconfig = .editorconfig
		nuget.config = nuget.config
	EndProjectSection
EndProject
Project("{9A19103F-16F7-4668-BE54-9A1E7A4F7556}") = "MyStreamTimer.UI", "MyStreamTimer.UI\MyStreamTimer.UI.csproj", "{AD504815-E24E-4215-AB35-EF8DA7353C1D}"
EndProject
Project("{FAE04EC0-301F-11D3-BF4B-00C04F79EFBC}") = "MyStreamTimer.Mac", "MyStreamTimer.Mac\MyStreamTimer.Mac.csproj", "{A9D15055-C57A-4CC1-891A-A0F326790A63}"
EndProject
Project("{FAE04EC0-301F-11D3-BF4B-00C04F79EFBC}") = "MyStreamTimer.UWP", "MyStreamTimer.UWP\MyStreamTimer.UWP.csproj", "{2DE8287C-B4CB-49E1-91C5-5462F1FA7290}"
EndProject
Project("{2150E333-8FDC-42A3-9474-1A3956D46DE8}") = "Cross-platform", "Cross-platform", "{EAEDD8DC-A1D0-4506-A13B-D013101D66DD}"
EndProject
Project("{2150E333-8FDC-42A3-9474-1A3956D46DE8}") = "StreamDeck", "StreamDeck", "{8A94E50A-3D99-4AD0-9A10-11CE6A80610D}"
EndProject
Project("{9A19103F-16F7-4668-BE54-9A1E7A4F7556}") = "MyStreamTimer.StreamDeck", "MyStreamTimer.StreamDeck\MyStreamTimer.StreamDeck.csproj", "{929CC523-7C5A-4C64-AE17-34858FF35556}"
EndProject
Global
	GlobalSection(SolutionConfigurationPlatforms) = preSolution
		Debug|Any CPU = Debug|Any CPU
		Debug|ARM = Debug|ARM
		Debug|ARM64 = Debug|ARM64
		Debug|x64 = Debug|x64
		Debug|x86 = Debug|x86
		Release|Any CPU = Release|Any CPU
		Release|ARM = Release|ARM
		Release|ARM64 = Release|ARM64
		Release|x64 = Release|x64
		Release|x86 = Release|x86
	EndGlobalSection
	GlobalSection(ProjectConfigurationPlatforms) = postSolution
		{D10CFCD1-4629-4C58-AF00-47145BE0D8E4}.Debug|Any CPU.ActiveCfg = Debug|Any CPU
		{D10CFCD1-4629-4C58-AF00-47145BE0D8E4}.Debug|Any CPU.Build.0 = Debug|Any CPU
		{D10CFCD1-4629-4C58-AF00-47145BE0D8E4}.Debug|ARM.ActiveCfg = Debug|Any CPU
		{D10CFCD1-4629-4C58-AF00-47145BE0D8E4}.Debug|ARM.Build.0 = Debug|Any CPU
		{D10CFCD1-4629-4C58-AF00-47145BE0D8E4}.Debug|ARM64.ActiveCfg = Debug|Any CPU
		{D10CFCD1-4629-4C58-AF00-47145BE0D8E4}.Debug|ARM64.Build.0 = Debug|Any CPU
		{D10CFCD1-4629-4C58-AF00-47145BE0D8E4}.Debug|x64.ActiveCfg = Debug|Any CPU
		{D10CFCD1-4629-4C58-AF00-47145BE0D8E4}.Debug|x64.Build.0 = Debug|Any CPU
		{D10CFCD1-4629-4C58-AF00-47145BE0D8E4}.Debug|x86.ActiveCfg = Debug|Any CPU
		{D10CFCD1-4629-4C58-AF00-47145BE0D8E4}.Debug|x86.Build.0 = Debug|Any CPU
		{D10CFCD1-4629-4C58-AF00-47145BE0D8E4}.Release|Any CPU.ActiveCfg = Release|Any CPU
		{D10CFCD1-4629-4C58-AF00-47145BE0D8E4}.Release|Any CPU.Build.0 = Release|Any CPU
		{D10CFCD1-4629-4C58-AF00-47145BE0D8E4}.Release|ARM.ActiveCfg = Release|Any CPU
		{D10CFCD1-4629-4C58-AF00-47145BE0D8E4}.Release|ARM.Build.0 = Release|Any CPU
		{D10CFCD1-4629-4C58-AF00-47145BE0D8E4}.Release|ARM64.ActiveCfg = Release|Any CPU
		{D10CFCD1-4629-4C58-AF00-47145BE0D8E4}.Release|ARM64.Build.0 = Release|Any CPU
		{D10CFCD1-4629-4C58-AF00-47145BE0D8E4}.Release|x64.ActiveCfg = Release|Any CPU
		{D10CFCD1-4629-4C58-AF00-47145BE0D8E4}.Release|x64.Build.0 = Release|Any CPU
		{D10CFCD1-4629-4C58-AF00-47145BE0D8E4}.Release|x86.ActiveCfg = Release|Any CPU
		{D10CFCD1-4629-4C58-AF00-47145BE0D8E4}.Release|x86.Build.0 = Release|Any CPU
		{AD504815-E24E-4215-AB35-EF8DA7353C1D}.Debug|Any CPU.ActiveCfg = Debug|Any CPU
		{AD504815-E24E-4215-AB35-EF8DA7353C1D}.Debug|Any CPU.Build.0 = Debug|Any CPU
		{AD504815-E24E-4215-AB35-EF8DA7353C1D}.Debug|ARM.ActiveCfg = Debug|Any CPU
		{AD504815-E24E-4215-AB35-EF8DA7353C1D}.Debug|ARM.Build.0 = Debug|Any CPU
		{AD504815-E24E-4215-AB35-EF8DA7353C1D}.Debug|ARM64.ActiveCfg = Debug|Any CPU
		{AD504815-E24E-4215-AB35-EF8DA7353C1D}.Debug|ARM64.Build.0 = Debug|Any CPU
		{AD504815-E24E-4215-AB35-EF8DA7353C1D}.Debug|x64.ActiveCfg = Debug|Any CPU
		{AD504815-E24E-4215-AB35-EF8DA7353C1D}.Debug|x64.Build.0 = Debug|Any CPU
		{AD504815-E24E-4215-AB35-EF8DA7353C1D}.Debug|x86.ActiveCfg = Debug|Any CPU
		{AD504815-E24E-4215-AB35-EF8DA7353C1D}.Debug|x86.Build.0 = Debug|Any CPU
		{AD504815-E24E-4215-AB35-EF8DA7353C1D}.Release|Any CPU.ActiveCfg = Release|Any CPU
		{AD504815-E24E-4215-AB35-EF8DA7353C1D}.Release|Any CPU.Build.0 = Release|Any CPU
		{AD504815-E24E-4215-AB35-EF8DA7353C1D}.Release|ARM.ActiveCfg = Release|Any CPU
		{AD504815-E24E-4215-AB35-EF8DA7353C1D}.Release|ARM.Build.0 = Release|Any CPU
		{AD504815-E24E-4215-AB35-EF8DA7353C1D}.Release|ARM64.ActiveCfg = Release|Any CPU
		{AD504815-E24E-4215-AB35-EF8DA7353C1D}.Release|ARM64.Build.0 = Release|Any CPU
		{AD504815-E24E-4215-AB35-EF8DA7353C1D}.Release|x64.ActiveCfg = Release|Any CPU
		{AD504815-E24E-4215-AB35-EF8DA7353C1D}.Release|x64.Build.0 = Release|Any CPU
		{AD504815-E24E-4215-AB35-EF8DA7353C1D}.Release|x86.ActiveCfg = Release|Any CPU
		{AD504815-E24E-4215-AB35-EF8DA7353C1D}.Release|x86.Build.0 = Release|Any CPU
		{A9D15055-C57A-4CC1-891A-A0F326790A63}.Debug|Any CPU.ActiveCfg = Debug|Any CPU
		{A9D15055-C57A-4CC1-891A-A0F326790A63}.Debug|Any CPU.Build.0 = Debug|Any CPU
		{A9D15055-C57A-4CC1-891A-A0F326790A63}.Debug|ARM.ActiveCfg = Debug|Any CPU
		{A9D15055-C57A-4CC1-891A-A0F326790A63}.Debug|ARM.Build.0 = Debug|Any CPU
		{A9D15055-C57A-4CC1-891A-A0F326790A63}.Debug|ARM64.ActiveCfg = Debug|Any CPU
		{A9D15055-C57A-4CC1-891A-A0F326790A63}.Debug|ARM64.Build.0 = Debug|Any CPU
		{A9D15055-C57A-4CC1-891A-A0F326790A63}.Debug|x64.ActiveCfg = Debug|Any CPU
		{A9D15055-C57A-4CC1-891A-A0F326790A63}.Debug|x64.Build.0 = Debug|Any CPU
		{A9D15055-C57A-4CC1-891A-A0F326790A63}.Debug|x86.ActiveCfg = Debug|Any CPU
		{A9D15055-C57A-4CC1-891A-A0F326790A63}.Debug|x86.Build.0 = Debug|Any CPU
		{A9D15055-C57A-4CC1-891A-A0F326790A63}.Release|Any CPU.ActiveCfg = Release|Any CPU
		{A9D15055-C57A-4CC1-891A-A0F326790A63}.Release|Any CPU.Build.0 = Release|Any CPU
		{A9D15055-C57A-4CC1-891A-A0F326790A63}.Release|ARM.ActiveCfg = Release|Any CPU
		{A9D15055-C57A-4CC1-891A-A0F326790A63}.Release|ARM.Build.0 = Release|Any CPU
		{A9D15055-C57A-4CC1-891A-A0F326790A63}.Release|ARM64.ActiveCfg = Release|Any CPU
		{A9D15055-C57A-4CC1-891A-A0F326790A63}.Release|ARM64.Build.0 = Release|Any CPU
		{A9D15055-C57A-4CC1-891A-A0F326790A63}.Release|x64.ActiveCfg = Release|Any CPU
		{A9D15055-C57A-4CC1-891A-A0F326790A63}.Release|x64.Build.0 = Release|Any CPU
		{A9D15055-C57A-4CC1-891A-A0F326790A63}.Release|x86.ActiveCfg = Release|Any CPU
		{A9D15055-C57A-4CC1-891A-A0F326790A63}.Release|x86.Build.0 = Release|Any CPU
		{2DE8287C-B4CB-49E1-91C5-5462F1FA7290}.Debug|Any CPU.ActiveCfg = Debug|x86
		{2DE8287C-B4CB-49E1-91C5-5462F1FA7290}.Debug|Any CPU.Build.0 = Debug|x86
		{2DE8287C-B4CB-49E1-91C5-5462F1FA7290}.Debug|Any CPU.Deploy.0 = Debug|x86
		{2DE8287C-B4CB-49E1-91C5-5462F1FA7290}.Debug|ARM.ActiveCfg = Debug|ARM
		{2DE8287C-B4CB-49E1-91C5-5462F1FA7290}.Debug|ARM.Build.0 = Debug|ARM
		{2DE8287C-B4CB-49E1-91C5-5462F1FA7290}.Debug|ARM.Deploy.0 = Debug|ARM
		{2DE8287C-B4CB-49E1-91C5-5462F1FA7290}.Debug|ARM64.ActiveCfg = Debug|ARM64
		{2DE8287C-B4CB-49E1-91C5-5462F1FA7290}.Debug|ARM64.Build.0 = Debug|ARM64
		{2DE8287C-B4CB-49E1-91C5-5462F1FA7290}.Debug|ARM64.Deploy.0 = Debug|ARM64
		{2DE8287C-B4CB-49E1-91C5-5462F1FA7290}.Debug|x64.ActiveCfg = Debug|x64
		{2DE8287C-B4CB-49E1-91C5-5462F1FA7290}.Debug|x64.Build.0 = Debug|x64
		{2DE8287C-B4CB-49E1-91C5-5462F1FA7290}.Debug|x64.Deploy.0 = Debug|x64
		{2DE8287C-B4CB-49E1-91C5-5462F1FA7290}.Debug|x86.ActiveCfg = Debug|x86
		{2DE8287C-B4CB-49E1-91C5-5462F1FA7290}.Debug|x86.Build.0 = Debug|x86
		{2DE8287C-B4CB-49E1-91C5-5462F1FA7290}.Debug|x86.Deploy.0 = Debug|x86
		{2DE8287C-B4CB-49E1-91C5-5462F1FA7290}.Release|Any CPU.ActiveCfg = Release|x86
		{2DE8287C-B4CB-49E1-91C5-5462F1FA7290}.Release|Any CPU.Build.0 = Release|x86
		{2DE8287C-B4CB-49E1-91C5-5462F1FA7290}.Release|Any CPU.Deploy.0 = Release|x86
		{2DE8287C-B4CB-49E1-91C5-5462F1FA7290}.Release|ARM.ActiveCfg = Release|ARM
		{2DE8287C-B4CB-49E1-91C5-5462F1FA7290}.Release|ARM.Build.0 = Release|ARM
		{2DE8287C-B4CB-49E1-91C5-5462F1FA7290}.Release|ARM.Deploy.0 = Release|ARM
		{2DE8287C-B4CB-49E1-91C5-5462F1FA7290}.Release|ARM64.ActiveCfg = Release|ARM64
		{2DE8287C-B4CB-49E1-91C5-5462F1FA7290}.Release|ARM64.Build.0 = Release|ARM64
		{2DE8287C-B4CB-49E1-91C5-5462F1FA7290}.Release|ARM64.Deploy.0 = Release|ARM64
		{2DE8287C-B4CB-49E1-91C5-5462F1FA7290}.Release|x64.ActiveCfg = Release|x64
		{2DE8287C-B4CB-49E1-91C5-5462F1FA7290}.Release|x64.Build.0 = Release|x64
		{2DE8287C-B4CB-49E1-91C5-5462F1FA7290}.Release|x64.Deploy.0 = Release|x64
		{2DE8287C-B4CB-49E1-91C5-5462F1FA7290}.Release|x86.ActiveCfg = Release|x86
		{2DE8287C-B4CB-49E1-91C5-5462F1FA7290}.Release|x86.Build.0 = Release|x86
		{2DE8287C-B4CB-49E1-91C5-5462F1FA7290}.Release|x86.Deploy.0 = Release|x86
		{929CC523-7C5A-4C64-AE17-34858FF35556}.Debug|Any CPU.ActiveCfg = Debug|Any CPU
		{929CC523-7C5A-4C64-AE17-34858FF35556}.Debug|Any CPU.Build.0 = Debug|Any CPU
		{929CC523-7C5A-4C64-AE17-34858FF35556}.Debug|ARM.ActiveCfg = Debug|Any CPU
		{929CC523-7C5A-4C64-AE17-34858FF35556}.Debug|ARM.Build.0 = Debug|Any CPU
		{929CC523-7C5A-4C64-AE17-34858FF35556}.Debug|ARM64.ActiveCfg = Debug|Any CPU
		{929CC523-7C5A-4C64-AE17-34858FF35556}.Debug|ARM64.Build.0 = Debug|Any CPU
		{929CC523-7C5A-4C64-AE17-34858FF35556}.Debug|x64.ActiveCfg = Debug|Any CPU
		{929CC523-7C5A-4C64-AE17-34858FF35556}.Debug|x64.Build.0 = Debug|Any CPU
		{929CC523-7C5A-4C64-AE17-34858FF35556}.Debug|x86.ActiveCfg = Debug|Any CPU
		{929CC523-7C5A-4C64-AE17-34858FF35556}.Debug|x86.Build.0 = Debug|Any CPU
		{929CC523-7C5A-4C64-AE17-34858FF35556}.Release|Any CPU.ActiveCfg = Release|Any CPU
		{929CC523-7C5A-4C64-AE17-34858FF35556}.Release|Any CPU.Build.0 = Release|Any CPU
		{929CC523-7C5A-4C64-AE17-34858FF35556}.Release|ARM.ActiveCfg = Release|Any CPU
		{929CC523-7C5A-4C64-AE17-34858FF35556}.Release|ARM.Build.0 = Release|Any CPU
		{929CC523-7C5A-4C64-AE17-34858FF35556}.Release|ARM64.ActiveCfg = Release|Any CPU
		{929CC523-7C5A-4C64-AE17-34858FF35556}.Release|ARM64.Build.0 = Release|Any CPU
		{929CC523-7C5A-4C64-AE17-34858FF35556}.Release|x64.ActiveCfg = Release|Any CPU
		{929CC523-7C5A-4C64-AE17-34858FF35556}.Release|x64.Build.0 = Release|Any CPU
		{929CC523-7C5A-4C64-AE17-34858FF35556}.Release|x86.ActiveCfg = Release|Any CPU
		{929CC523-7C5A-4C64-AE17-34858FF35556}.Release|x86.Build.0 = Release|Any CPU
	EndGlobalSection
	GlobalSection(SolutionProperties) = preSolution
		HideSolutionNode = FALSE
	EndGlobalSection
	GlobalSection(NestedProjects) = preSolution
		{D10CFCD1-4629-4C58-AF00-47145BE0D8E4} = {EAEDD8DC-A1D0-4506-A13B-D013101D66DD}
		{AD504815-E24E-4215-AB35-EF8DA7353C1D} = {EAEDD8DC-A1D0-4506-A13B-D013101D66DD}
		{929CC523-7C5A-4C64-AE17-34858FF35556} = {8A94E50A-3D99-4AD0-9A10-11CE6A80610D}
	EndGlobalSection
	GlobalSection(ExtensibilityGlobals) = postSolution
		SolutionGuid = {FFB6D563-B873-4A06-A534-A04A870FB58F}
	EndGlobalSection
EndGlobal
